{
  "nodes": {
    "base": {
      "inputs": {
        "nixos-generators": "nixos-generators",
        "nixpkgs": [
          "nixpkgs"
        ],
        "nixpkgs-unstable-tailscale": "nixpkgs-unstable-tailscale",
        "unstable": "unstable"
      },
      "locked": {
        "lastModified": 1710228223,
        "narHash": "sha256-nqie8+sN9dh00wdA3WpU3CblWDlV1jQDk8dhDWLkJU8=",
        "owner": "vivlim",
        "repo": "nix-base",
        "rev": "3b19c4b48f785437c7d082e90f1af06617cb5047",
        "type": "github"
      },
      "original": {
        "owner": "vivlim",
        "ref": "main",
        "repo": "nix-base",
        "type": "github"
      }
    },
    "disko": {
      "inputs": {
        "nixpkgs": [
          "nixpkgs"
        ]
      },
      "locked": {
        "lastModified": 1710169806,
        "narHash": "sha256-HeWFrRuHpnAiPmIr26OKl2g142HuGerwoO/XtW53pcI=",
        "owner": "nix-community",
        "repo": "disko",
        "rev": "fe064a639319ed61cdf12b8f6eded9523abcc498",
        "type": "github"
      },
      "original": {
        "owner": "nix-community",
        "repo": "disko",
        "type": "github"
      }
    },
    "jovian": {
      "inputs": {
        "nix-github-actions": "nix-github-actions",
        "nixpkgs": [
          "nixpkgs"
        ]
      },
      "locked": {
        "lastModified": 1710025765,
        "narHash": "sha256-CnNH3E1xB/xfif+KotTfvSGLLqOZ0OvUcUrDsFMwN6Q=",
        "owner": "jovian-experiments",
        "repo": "jovian-nixos",
        "rev": "2e8c168044e86ee1344c18bde5caeffe205292f2",
        "type": "github"
      },
      "original": {
        "owner": "jovian-experiments",
        "ref": "development",
        "repo": "jovian-nixos",
        "type": "github"
      }
    },
    "nix-github-actions": {
      "inputs": {
        "nixpkgs": [
          "jovian",
          "nixpkgs"
        ]
      },
      "locked": {
        "lastModified": 1690328911,
        "narHash": "sha256-fxtExYk+aGf2YbjeWQ8JY9/n9dwuEt+ma1eUFzF8Jeo=",
        "owner": "zhaofengli",
        "repo": "nix-github-actions",
        "rev": "96df4a39c52f53cb7098b923224d8ce941b64747",
        "type": "github"
      },
      "original": {
        "owner": "zhaofengli",
        "ref": "matrix-name",
        "repo": "nix-github-actions",
        "type": "github"
      }
    },
    "nixlib": {
      "locked": {
        "lastModified": 1636849918,
        "narHash": "sha256-nzUK6dPcTmNVrgTAC1EOybSMsrcx+QrVPyqRdyKLkjA=",
        "owner": "nix-community",
        "repo": "nixpkgs.lib",
        "rev": "28a5b0557f14124608db68d3ee1f77e9329e9dd5",
        "type": "github"
      },
      "original": {
        "owner": "nix-community",
        "repo": "nixpkgs.lib",
        "type": "github"
      }
    },
    "nixos-generators": {
      "inputs": {
        "nixlib": "nixlib",
        "nixpkgs": [
          "base",
          "nixpkgs"
        ]
      },
      "locked": {
        "lastModified": 1706085261,
        "narHash": "sha256-7PgpHRHyShINcqgevPP1fJ6N8kM5ZSOJnk3QZBrOCQ0=",
        "owner": "nix-community",
        "repo": "nixos-generators",
        "rev": "896f6589db5b25023b812bbb6c1f5d3a499b1132",
        "type": "github"
      },
      "original": {
        "owner": "nix-community",
        "repo": "nixos-generators",
        "type": "github"
      }
    },
    "nixpkgs": {
      "locked": {
        "lastModified": 1709961763,
        "narHash": "sha256-6H95HGJHhEZtyYA3rIQpvamMKAGoa8Yh2rFV29QnuGw=",
        "owner": "NixOS",
        "repo": "nixpkgs",
        "rev": "3030f185ba6a4bf4f18b87f345f104e6a6961f34",
        "type": "github"
      },
      "original": {
        "owner": "NixOS",
        "ref": "nixos-unstable",
        "repo": "nixpkgs",
        "type": "github"
      }
    },
    "nixpkgs-stable": {
      "locked": {
        "lastModified": 1710033658,
        "narHash": "sha256-yiZiVKP5Ya813iYLho2+CcFuuHpaqKc/CoxOlANKcqM=",
        "owner": "NixOS",
        "repo": "nixpkgs",
        "rev": "b17375d3bb7c79ffc52f3538028b2ec06eb79ef8",
        "type": "github"
      },
      "original": {
        "owner": "NixOS",
        "ref": "release-23.11",
        "repo": "nixpkgs",
        "type": "github"
      }
    },
    "nixpkgs-unstable-tailscale": {
      "locked": {
        "lastModified": 1695318763,
        "narHash": "sha256-FHVPDRP2AfvsxAdc+AsgFJevMz5VBmnZglFUMlxBkcY=",
        "owner": "NixOS",
        "repo": "nixpkgs",
        "rev": "e12483116b3b51a185a33a272bf351e357ba9a99",
        "type": "github"
      },
      "original": {
        "owner": "NixOS",
        "ref": "nixpkgs-unstable",
        "repo": "nixpkgs",
        "type": "github"
      }
    },
    "root": {
      "inputs": {
        "base": "base",
        "disko": "disko",
        "jovian": "jovian",
        "nixpkgs": "nixpkgs",
        "sops-nix": "sops-nix"
      }
    },
    "sops-nix": {
      "inputs": {
        "nixpkgs": [
          "nixpkgs"
        ],
        "nixpkgs-stable": "nixpkgs-stable"
      },
      "locked": {
        "lastModified": 1710195194,
        "narHash": "sha256-KFxCJp0T6TJOz1IOKlpRdpsCr9xsvlVuWY/VCiAFnTE=",
        "owner": "Mic92",
        "repo": "sops-nix",
        "rev": "e52d8117b330f690382f1d16d81ae43daeb4b880",
        "type": "github"
      },
      "original": {
        "owner": "Mic92",
        "repo": "sops-nix",
        "type": "github"
      }
    },
    "unstable": {
      "locked": {
        "lastModified": 1703134684,
        "narHash": "sha256-SQmng1EnBFLzS7WSRyPM9HgmZP2kLJcPAz+Ug/nug6o=",
        "owner": "NixOS",
        "repo": "nixpkgs",
        "rev": "d6863cbcbbb80e71cecfc03356db1cda38919523",
        "type": "github"
      },
      "original": {
        "owner": "NixOS",
        "ref": "nixpkgs-unstable",
        "repo": "nixpkgs",
        "type": "github"
      }
    }
  },
  "root": "root",
  "version": 7
}
